{
  "name": "yusk-widget",
  "version": "1.0.0",
  "lockfileVersion": 3,
  "requires": true,
  "packages": {
    "": {
      "name": "yusk-widget",
      "version": "1.0.0",
      "license": "ISC",
      "dependencies": {
        "@openai/codex": "0.158.0",
        "electron": "^44.4.5",
        "koffi": "^3.3.2",
        "node-ical": "^0.27.2"
      }
    },
    "node_modules/@electron-internal/extract-zip": {
      "version": "1.0.5",
      "resolved": "https://registry.npmjs.org/@electron-internal/extract-zip/-/extract-zip-1.0.5.tgz",
      "integrity": "sha512-+bqFCP98pLI0Tt0XQo1TmlXtwjWchISndDOxCkEcIuUgXWpBnLyRI+2DU+mesvnMMX6L1XDqYNA0lXNDHd/yiA==",
      "license": "BSD-2-Clause",
      "engines": {
        "node": ">=22.12.0"
      }
    },
    "node_modules/@electron/get": {
      "version": "5.1.0",
      "resolved": "https://registry.npmjs.org/@electron/get/-/get-5.1.0.tgz",
      "integrity": "sha512-3kSBtG8ObcTVfXanm5vVJ6UnBLEVmVsRk1M+vGqCuMBV+XLCbJYuWQful+yIy0GQDsSlK0kHEriEHn7SPk4EnA==",
      "license": "MIT",
      "dependencies": {
        "debug": "^4.1.1",
        "env-paths": "^3.0.0",
        "graceful-fs": "^4.2.11",
        "progress": "^2.0.3",
        "semver": "^7.6.3",
        "sumchecker": "^3.0.1"
      },
      "engines": {
        "node": ">=22.12.0"
      },
      "optionalDependencies": {
        "undici": "^7.24.4"
      }
    },
    "node_modules/@koromix/koffi-android-arm64": {
      "version": "3.3.2",
      "resolved": "https://registry.npmjs.org/@koromix/koffi-android-arm64/-/koffi-android-arm64-3.3.2.tgz",
      "integrity": "sha512-6mFtwFJCy1skaf/qzl82OtELmT2BwHXbephfrIFqKoxIghc7N+kiW33J3ZNRP8JhBYFI6xJ8jiatGwPJ7mCOMw==",
      "cpu": [
        "arm64"
      ],
      "license": "MIT",
      "optional": true,
      "os": [
        "android"
      ],
      "funding": {
        "url": "https://liberapay.com/Koromix"
      }
    },
    "node_modules/@koromix/koffi-android-x64": {
      "version": "3.3.2",
      "resolved": "https://registry.npmjs.org/@koromix/koffi-android-x64/-/koffi-android-x64-3.3.2.tgz",
      "integrity": "sha512-wzIWXvldodHWST6KZBdjJlpdH0DJ2rIN5YppY+/T+mTR1DcRYdYhOXzZMGDDx9W3ao8Hry8G4GqVzK9IuYpuWA==",
      "cpu": [
        "x64"
      ],
      "license": "MIT",
      "optional": true,
      "os": [
        "android"
      ],
      "funding": {
        "url": "https://liberapay.com/Koromix"
      }
    },
    "node_modules/@koromix/koffi-darwin-arm64": {
      "version": "3.3.2",
      "resolved": "https://registry.npmjs.org/@koromix/koffi-darwin-arm64/-/koffi-darwin-arm64-3.3.2.tgz",
      "integrity": "sha512-gQKOkA/4tkOxXP3hdau2MrvVvTYlKQiXd86hK+B2FKErV0QcwqrWt6DWZ3FtJUYGB1scenT0srS9VfsWmbgeMQ==",
      "cpu": [
        "arm64"
      ],
      "license": "MIT",
      "optional": true,
      "os": [
        "darwin"
      ],
      "funding": {
        "url": "https://liberapay.com/Koromix"
      }
    },
    "node_modules/@koromix/koffi-darwin-x64": {
      "version": "3.3.2",
      "resolved": "https://registry.npmjs.org/@koromix/koffi-darwin-x64/-/koffi-darwin-x64-3.3.2.tgz",
      "integrity": "sha512-qxysFokAwiMLiWYYVhooWZHSV3REKJErsUjnX9IeG2rAVpWNkdcXUiQ2GMdfH3hZ0f2fuv0fTuv293/tYu1yew==",
      "cpu": [
        "x64"
      ],
      "license": "MIT",
      "optional": true,
      "os": [
        "darwin"
      ],
      "funding": {
        "url": "https://liberapay.com/Koromix"
      }
    },
    "node_modules/@koromix/koffi-freebsd-arm64": {
      "version": "3.3.2",
      "resolved": "https://registry.npmjs.org/@koromix/koffi-freebsd-arm64/-/koffi-freebsd-arm64-3.3.2.tgz",
      "integrity": "sha512-EinnZVzK3KVTQe0N+XXnUfUN2fwNiYEY5IuAcMqtJO4rbOR+8S+C+bbViUKwqmkLG8OvL/kBesuwGLn5DLNZCQ==",
      "cpu": [
        "arm64"
      ],
      "license": "MIT",
      "optional": true,
      "os": [
        "freebsd"
      ],
      "funding": {
        "url": "https://liberapay.com/Koromix"
      }
    },
    "node_modules/@koromix/koffi-freebsd-ia32": {
      "version": "3.3.2",
      "resolved": "https://registry.npmjs.org/@koromix/koffi-freebsd-ia32/-/koffi-freebsd-ia32-3.3.2.tgz",
      "integrity": "sha512-gnJFMVbxeyY4dSQbw0p3smSyFGDrp8QzI5krF73QxP7GSIMHR2lplejZseNQGyHIeR3XDdxuJFsfAfXmZdQM3w==",
      "cpu": [
        "ia32"
      ],
      "license": "MIT",
      "optional": true,
      "os": [
        "freebsd"
      ],
      "funding": {
        "url": "https://liberapay.com/Koromix"
      }
    },
    "node_modules/@koromix/koffi-freebsd-x64": {
      "version": "3.3.2",
      "resolved": "https://registry.npmjs.org/@koromix/koffi-freebsd-x64/-/koffi-freebsd-x64-3.3.2.tgz",
      "integrity": "sha512-56mIFadXceWImQbsO0fN1hoZ76LCIvAjouL4fntoA7IKDI64BFbLSkcJ7Roww31YwxKjJaA9vdk93qt7bXXJZw==",
      "cpu": [
        "x64"
      ],
      "license": "MIT",
      "optional": true,
      "os": [
        "freebsd"
      ],
      "funding": {
        "url": "https://liberapay.com/Koromix"
      }
    },
    "node_modules/@koromix/koffi-linux-arm": {
      "version": "3.3.2",
      "resolved": "https://registry.npmjs.org/@koromix/koffi-linux-arm/-/koffi-linux-arm-3.3.2.tgz",
      "integrity": "sha512-NhvFzykswakToxAWVhpHf5qA/y8z755MAz4MU1m89yIL1lqUuJDSk6Fy/moD3YIQPOjjuHVf09wO7mlO5ukCbw==",
      "cpu": [
        "arm"
      ],
      "license": "MIT",
      "optional": true,
      "os": [
        "linux"
      ],
      "funding": {
        "url": "https://liberapay.com/Koromix"
      }
    },
    "node_modules/@koromix/koffi-linux-arm64": {
      "version": "3.3.2",
      "resolved": "https://registry.npmjs.org/@koromix/koffi-linux-arm64/-/koffi-linux-arm64-3.3.2.tgz",
      "integrity": "sha512-adabETUHezNDJ6jpqpJV01oJRW8rI4KWH3xV6EpFlIAXCtj6l4aLCbJ6DbGH8fNmsJBLnWiuLkyoNm8zkVotCw==",
      "cpu": [
        "arm64"
      ],
      "license": "MIT",
      "optional": true,
      "os": [
        "linux"
      ],
      "funding": {
        "url": "https://liberapay.com/Koromix"
      }
    },
    "node_modules/@koromix/koffi-linux-ia32": {
      "version": "3.3.2",
      "resolved": "https://registry.npmjs.org/@koromix/koffi-linux-ia32/-/koffi-linux-ia32-3.3.2.tgz",
      "integrity": "sha512-IMJAp4dg+l1N5Yek43NpDHDVaJFRkMaBnAg9uI3Z1vk61+WxxtaugOl0lC6gDPLBeNE+lzSXcAEeKBIkTwDzdw==",
      "cpu": [
        "ia32"
      ],
      "license": "MIT",
      "optional": true,
      "os": [
        "linux"
      ],
      "funding": {
        "url": "https://liberapay.com/Koromix"
      }
    },
    "node_modules/@koromix/koffi-linux-loong64": {
      "version": "3.3.2",
      "resolved": "https://registry.npmjs.org/@koromix/koffi-linux-loong64/-/koffi-linux-loong64-3.3.2.tgz",
      "integrity": "sha512-Sdf+iQ5Fo3Px6e8xFx7eTES+cAIiHxCLt9KDVmnHm0ls6fW2eTVu5ez1+3GUBb/gjLTMODX2U4+dP9LHagwHHg==",
      "cpu": [
        "loong64"
      ],
      "license": "MIT",
      "optional": true,
      "os": [
        "linux"
      ],
      "funding": {
        "url": "https://liberapay.com/Koromix"
      }
    },
    "node_modules/@koromix/koffi-linux-ppc64": {
      "version": "3.3.2",
      "resolved": "https://registry.npmjs.org/@koromix/koffi-linux-ppc64/-/koffi-linux-ppc64-3.3.2.tgz",
      "integrity": "sha512-FVHtjljl9vUvT6dSsAE1ObOqmPeJXzS8Ez7cidlsI/rJ5pa7h50KQutU/jPfTaK1cqChRjI66hwnJseLG8VPTA==",
      "cpu": [
        "ppc64"
      ],
      "license": "MIT",
      "optional": true,
      "os": [
        "linux"
      ],
      "funding": {
        "url": "https://liberapay.com/Koromix"
      }
    },
    "node_modules/@koromix/koffi-linux-riscv64": {
      "version": "3.3.2",
      "resolved": "https://registry.npmjs.org/@koromix/koffi-linux-riscv64/-/koffi-linux-riscv64-3.3.2.tgz",
      "integrity": "sha512-4Q3haXJ3oP5AJ0vlyd9HZsI7gS+s+fycqz1CDDrT6JftlSruIUbfr8be1/jetUlmh7Pd8HtQBM6x2gpQBNTttQ==",
      "cpu": [
        "riscv64"
      ],
      "license": "MIT",
      "optional": true,
      "os": [
        "linux"
      ],
      "funding": {
        "url": "https://liberapay.com/Koromix"
      }
    },
    "node_modules/@koromix/koffi-linux-x64": {
      "version": "3.3.2",
      "resolved": "https://registry.npmjs.org/@koromix/koffi-linux-x64/-/koffi-linux-x64-3.3.2.tgz",
      "integrity": "sha512-78qO1oqd9GYfzcKOxIaRiN0KgvzQzgbPfdClf0/jErlWYdxnr8gB4i9KOFvsYMdnc7kTIa/wnubl1lPCiQnqvA==",
      "cpu": [
        "x64"
      ],
      "license": "MIT",
      "optional": true,
      "os": [
        "linux"
      ],
      "funding": {
        "url": "https://liberapay.com/Koromix"
      }
    },
    "node_modules/@koromix/koffi-openbsd-arm64": {
      "version": "3.3.2",
      "resolved": "https://registry.npmjs.org/@koromix/koffi-openbsd-arm64/-/koffi-openbsd-arm64-3.3.2.tgz",
      "integrity": "sha512-rB6HZ/RnEAu7CZoD8IMXonCJSD6WJIX8QfZ11RCOy9MXxA8wQR5CRnP3ffy4/8IbABorRoERLLFTFk5wFFZqCw==",
      "cpu": [
        "arm64"
      ],
      "license": "MIT",
      "optional": true,
      "os": [
        "openbsd"
      ],
      "funding": {
        "url": "https://liberapay.com/Koromix"
      }
    },
    "node_modules/@koromix/koffi-openbsd-ia32": {
      "version": "3.3.2",
      "resolved": "https://registry.npmjs.org/@koromix/koffi-openbsd-ia32/-/koffi-openbsd-ia32-3.3.2.tgz",
      "integrity": "sha512-XmzyeUEsCc8f6n26684mzn73I5VdDBxFydm8JxwYCmvrzfkSkDPU7eQyRoxHDRwgveIK/plmRiMUIj3/7J1flw==",
      "cpu": [
        "ia32"
      ],
      "license": "MIT",
      "optional": true,
      "os": [
        "openbsd"
      ],
      "funding": {
        "url": "https://liberapay.com/Koromix"
      }
    },
    "node_modules/@koromix/koffi-openbsd-x64": {
      "version": "3.3.2",
      "resolved": "https://registry.npmjs.org/@koromix/koffi-openbsd-x64/-/koffi-openbsd-x64-3.3.2.tgz",
      "integrity": "sha512-Bt+beMlH6yK4X21+y7lgk+lthjBODfwJjREFITVQH68v8rHWZ5UxV7FBInHZ7ZT0o07G/fgIr2l1DG6SpaTbEA==",
      "cpu": [
        "x64"
      ],
      "license": "MIT",
      "optional": true,
      "os": [
        "openbsd"
      ],
      "funding": {
        "url": "https://liberapay.com/Koromix"
      }
    },
    "node_modules/@koromix/koffi-win32-arm64": {
      "version": "3.3.2",
      "resolved": "https://registry.npmjs.org/@koromix/koffi-win32-arm64/-/koffi-win32-arm64-3.3.2.tgz",
      "integrity": "sha512-+fLooyTbldECuFH54h1ags7BAOB4fmqnshyVkXr+HbJBhgHdHoIbZ+CcaoH1ELVth7L7G+5XNwbXDH1TOyQMvA==",
      "cpu": [
        "arm64"
      ],
      "license": "MIT",
      "optional": true,
      "os": [
        "win32"
      ],
      "funding": {
        "url": "https://liberapay.com/Koromix"
      }
    },
    "node_modules/@koromix/koffi-win32-ia32": {
      "version": "3.3.2",
      "resolved": "https://registry.npmjs.org/@koromix/koffi-win32-ia32/-/koffi-win32-ia32-3.3.2.tgz",
      "integrity": "sha512-knegFlqbXsYfWcbIsAHMrKHqVbLctqzYD9xW3+GfO1Dyt+xe1xY8YDiadjRaWtKkLz5uF1aJD886EfBZUhECLA==",
      "cpu": [
        "ia32"
      ],
      "license": "MIT",
      "optional": true,
      "os": [
        "win32"
      ],
      "funding": {
        "url": "https://liberapay.com/Koromix"
      }
    },
    "node_modules/@koromix/koffi-win32-x64": {
      "version": "3.3.2",
      "resolved": "https://registry.npmjs.org/@koromix/koffi-win32-x64/-/koffi-win32-x64-3.3.2.tgz",
      "integrity": "sha512-OWc6s6gziEabkQj+xc+ZNaf5g69hc/DQJLBcmbhxJAifAdXDgj9vB5d8hcjS2mTHjBeAIqQ4nkd9d/Jc7OUuHw==",
      "cpu": [
        "x64"
      ],
      "license": "MIT",
      "optional": true,
      "os": [
        "win32"
      ],
      "funding": {
        "url": "https://liberapay.com/Koromix"
      }
    },
    "node_modules/@openai/codex": {
      "version": "0.158.0",
      "resolved": "https://registry.npmjs.org/@openai/codex/-/codex-0.158.0.tgz",
      "integrity": "sha512-GBhcKpQmVLsCtEP5mUf6WFye6QQgTKotwsXrYPM0GFmEsoOSahik6hkf2FHabX9kZBl0Y0/PQowLu7uYMKT8dg==",
      "license": "Apache-2.0",
      "bin": {
        "codex": "bin/codex.js"
      },
      "engines": {
        "node": ">=16"
      },
      "optionalDependencies": {
        "@openai/codex-darwin-arm64": "npm:@openai/codex@0.158.0-darwin-arm64",
        "@openai/codex-darwin-x64": "npm:@openai/codex@0.158.0-darwin-x64",
        "@openai/codex-linux-arm64": "npm:@openai/codex@0.158.0-linux-arm64",
        "@openai/codex-linux-x64": "npm:@openai/codex@0.158.0-linux-x64",
        "@openai/codex-win32-arm64": "npm:@openai/codex@0.158.0-win32-arm64",
        "@openai/codex-win32-x64": "npm:@openai/codex@0.158.0-win32-x64"
      }
    },
    "node_modules/@openai/codex-darwin-arm64": {
      "name": "@openai/codex",
      "version": "0.158.0-darwin-arm64",
      "resolved": "https://registry.npmjs.org/@openai/codex/-/codex-0.158.0-darwin-arm64.tgz",
      "integrity": "sha512-0OKSjlWY1j4Ld1fT87QttNw3Y2SthcXi4GcrWSHjleZg1n86eG3+shJl4Pv+siUmsBJhWlNmm6rRO4Yv8ZyQLg==",
      "cpu": [
        "arm64"
      ],
      "license": "Apache-2.0",
      "optional": true,
      "os": [
        "darwin"
      ],
      "engines": {
        "node": ">=16"
      }
    },
    "node_modules/@openai/codex-darwin-x64": {
      "name": "@openai/codex",
      "version": "0.158.0-darwin-x64",
      "resolved": "https://registry.npmjs.org/@openai/codex/-/codex-0.158.0-darwin-x64.tgz",
      "integrity": "sha512-FrX1o3APrL7F6QkO8z08Rq8lJitH2sNI7pkebA02eYA103hDs3fyy9d32zeLLQJUeAhmZA4pV9xJR4m7cVyNpQ==",
      "cpu": [
        "x64"
      ],
      "license": "Apache-2.0",
      "optional": true,
      "os": [
        "darwin"
      ],
      "engines": {
        "node": ">=16"
      }
    },
    "node_modules/@openai/codex-linux-arm64": {
      "name": "@openai/codex",
      "version": "0.158.0-linux-arm64",
      "resolved": "https://registry.npmjs.org/@openai/codex/-/codex-0.158.0-linux-arm64.tgz",
      "integrity": "sha512-T9AgGcoU7HNsxJ4prT/R9YvztyEmz9kWP/VlT2cbCop4PVwiqfG9YMJtLo4j2ScewvSaTl4sQFwla+fwGpoRZg==",
      "cpu": [
        "arm64"
      ],
      "license": "Apache-2.0",
      "optional": true,
      "os": [
        "linux"
      ],
      "engines": {
        "node": ">=16"
      }
    },
    "node_modules/@openai/codex-linux-x64": {
      "name": "@openai/codex",
      "version": "0.158.0-linux-x64",
      "resolved": "https://registry.npmjs.org/@openai/codex/-/codex-0.158.0-linux-x64.tgz",
      "integrity": "sha512-mY12GZPM8TuOWVGxCyNV2NSA8t1uIupm9Nhu9VeQVEvvxBKN08U8bLH+vn7oISUHZPC8bwhROIbo/ZUxqV6XMg==",
      "cpu": [
        "x64"
      ],
      "license": "Apache-2.0",
      "optional": true,
      "os": [
        "linux"
      ],
      "engines": {
        "node": ">=16"
      }
    },
    "node_modules/@openai/codex-win32-arm64": {
      "name": "@openai/codex",
      "version": "0.158.0-win32-arm64",
      "resolved": "https://registry.npmjs.org/@openai/codex/-/codex-0.158.0-win32-arm64.tgz",
      "integrity": "sha512-Jw1u0q0+5PG97jPkINxE3UCFtsYBN8Af+IjjM0zlCO675Sv5lNsXU2K9aIaXwVeQIKw8q2lbPAR4SEkq2rSOoA==",
      "cpu": [
        "arm64"
      ],
      "license": "Apache-2.0",
      "optional": true,
      "os": [
        "win32"
      ],
      "engines": {
        "node": ">=16"
      }
    },
    "node_modules/@openai/codex-win32-x64": {
      "name": "@openai/codex",
      "version": "0.158.0-win32-x64",
      "resolved": "https://registry.npmjs.org/@openai/codex/-/codex-0.158.0-win32-x64.tgz",
      "integrity": "sha512-IaUmY11Zdqa/Zok6kE0Z5375pXtClKRbS8P1Gh2C73Aq65CaGn9N8gT6BXGC3+XD6yamAIiEQW5xM842UCCGow==",
      "cpu": [
        "x64"
      ],
      "license": "Apache-2.0",
      "optional": true,
      "os": [
        "win32"
      ],
      "engines": {
        "node": ">=16"
      }
    },
    "node_modules/@types/node": {
      "version": "24.19.0",
      "resolved": "https://registry.npmjs.org/@types/node/-/node-24.19.0.tgz",
      "integrity": "sha512-zY+5tKxXdhGh1PYI0ac+7juvEu4OI6vWtVVoj5i2m42jxAY1U+zHGt6QCyOFwykdP62sM3MJ9stoYYUw5aCWew==",
      "license": "MIT",
      "dependencies": {
        "undici-types": ">=7.24.0 <7.24.7"
      }
    },
    "node_modules/debug": {
      "version": "4.4.3",
      "resolved": "https://registry.npmjs.org/debug/-/debug-4.4.3.tgz",
      "integrity": "sha512-RGwwWnwQvkVfavKVt22FGLw+xYSdzARwm0ru6DhTVA3umU5hZc28V3kO4stgYryrTlLpuvgI9GiijltAjNbcqA==",
      "license": "MIT",
      "dependencies": {
        "ms": "^2.1.3"
      },
      "engines": {
        "node": ">=6.0"
      },
      "peerDependenciesMeta": {
        "supports-color": {
          "optional": true
        }
      }
    },
    "node_modules/electron": {
      "version": "44.4.5",
      "resolved": "https://registry.npmjs.org/electron/-/electron-44.4.5.tgz",
      "integrity": "sha512-SjgoaeYsSWZfJzubgQU7juvuXMTvn6/e1gAHdGFA/yuMbpF+I+skYqIJ6DdXBXHeWbkbpNpmwZCTpiivtlWZSw==",
      "license": "MIT",
      "dependencies": {
        "@electron-internal/extract-zip": "^1.0.1",
        "@electron/get": "^5.0.0",
        "@types/node": "^24.9.0"
      },
      "bin": {
        "electron": "cli.js",
        "install-electron": "install.js"
      },
      "engines": {
        "node": ">= 22.12.0"
      }
    },
    "node_modules/env-paths": {
      "version": "3.0.0",
      "resolved": "https://registry.npmjs.org/env-paths/-/env-paths-3.0.0.tgz",
      "integrity": "sha512-dtJUTepzMW3Lm/NPxRf3wP4642UWhjL2sQxc+ym2YMj1m/H2zDNQOlezafzkHwn6sMstjHTwG6iQQsctDW/b1A==",
      "license": "MIT",
      "engines": {
        "node": "^12.20.0 || ^14.13.1 || >=16.0.0"
      },
      "funding": {
        "url": "https://github.com/sponsors/sindresorhus"
      }
    },
    "node_modules/graceful-fs": {
      "version": "4.2.11",
      "resolved": "https://registry.npmjs.org/graceful-fs/-/graceful-fs-4.2.11.tgz",
      "integrity": "sha512-RbJ5/jmFcNNCcDV5o9eTnBLJ/HszWV0P73bc+Ff4nS/rJj+YaS6IGyiOL0VoBYX+l1Wrl3k63h/KrH+nhJ0XvQ==",
      "license": "ISC"
    },
    "node_modules/koffi": {
      "version": "3.3.2",
      "resolved": "https://registry.npmjs.org/koffi/-/koffi-3.3.2.tgz",
      "integrity": "sha512-f9Rrcmpy7lQs0ayJfhaxiG5OLp1aZjXKOFLXo7Gax6snJRKmdpYnYEOkpQ7ImCBrbvOdzFT06EP+FaLZv35W7Q==",
      "hasInstallScript": true,
      "license": "MIT",
      "funding": {
        "url": "https://liberapay.com/Koromix"
      },
      "optionalDependencies": {
        "@koromix/koffi-android-arm64": "3.3.2",
        "@koromix/koffi-android-x64": "3.3.2",
        "@koromix/koffi-darwin-arm64": "3.3.2",
        "@koromix/koffi-darwin-x64": "3.3.2",
        "@koromix/koffi-freebsd-arm64": "3.3.2",
        "@koromix/koffi-freebsd-ia32": "3.3.2",
        "@koromix/koffi-freebsd-x64": "3.3.2",
        "@koromix/koffi-linux-arm": "3.3.2",
        "@koromix/koffi-linux-arm64": "3.3.2",
        "@koromix/koffi-linux-ia32": "3.3.2",
        "@koromix/koffi-linux-loong64": "3.3.2",
        "@koromix/koffi-linux-ppc64": "3.3.2",
        "@koromix/koffi-linux-riscv64": "3.3.2",
        "@koromix/koffi-linux-x64": "3.3.2",
        "@koromix/koffi-openbsd-arm64": "3.3.2",
        "@koromix/koffi-openbsd-ia32": "3.3.2",
        "@koromix/koffi-openbsd-x64": "3.3.2",
        "@koromix/koffi-win32-arm64": "3.3.2",
        "@koromix/koffi-win32-ia32": "3.3.2",
        "@koromix/koffi-win32-x64": "3.3.2"
      }
    },
    "node_modules/ms": {
      "version": "2.1.3",
      "resolved": "https://registry.npmjs.org/ms/-/ms-2.1.3.tgz",
      "integrity": "sha512-6FlzubTLZG3J2a/NVCAleEhjzq5oxgHyaCU9yYXvcLsvoVaHJq/s5xXI6/XXP6tz7R9xAOtHnSO/tXtF3WRTlA==",
      "license": "MIT"
    },
    "node_modules/node-ical": {
      "version": "0.27.2",
      "resolved": "https://registry.npmjs.org/node-ical/-/node-ical-0.27.2.tgz",
      "integrity": "sha512-RCjSxeNZN9Btv+xAZzB/GAet1FLcbmhcImLyynxU0LXyM7SgiQ1RnEitBsPgFTjMelUn6cw3GAjYc6w9MA5sIg==",
      "license": "Apache-2.0",
      "dependencies": {
        "rrule-temporal": "^2.2.4",
        "temporal-polyfill": "^1.0.4"
      },
      "engines": {
        "node": ">=22"
      }
    },
    "node_modules/progress": {
      "version": "2.0.3",
      "resolved": "https://registry.npmjs.org/progress/-/progress-2.0.3.tgz",
      "integrity": "sha512-7PiHtLll5LdnKIMw100I+8xJXR5gW2QwWYkT6iJva0bXitZKa/XMrSbdmg3r2Xnaidz9Qumd0VPaMrZlF9V9sA==",
      "license": "MIT",
      "engines": {
        "node": ">=0.4.0"
      }
    },
    "node_modules/rrule-temporal": {
      "version": "2.2.7",
      "resolved": "https://registry.npmjs.org/rrule-temporal/-/rrule-temporal-2.2.7.tgz",
      "integrity": "sha512-sd4ee2vAeb5VtGfQSVg9KWc522cHRIz2O2waSiwgRXMYeAu3LFl1qzNqR0RkoqwKWH2bKYKN8WMFdDE+ffuwPQ==",
      "license": "MIT",
      "dependencies": {
        "temporal-spec": "^1.0.0"
      }
    },
    "node_modules/semver": {
      "version": "7.8.5",
      "resolved": "https://registry.npmjs.org/semver/-/semver-7.8.5.tgz",
      "integrity": "sha512-Y7/KDsb8LjooZpwaqGyulO6DQlksgCncchHGk+sZIY4SBvUocMBEFH5Ur1fI4dV+Jvl0w6cjvucaIi40puRioA==",
      "license": "ISC",
      "bin": {
        "semver": "bin/semver.js"
      },
      "engines": {
        "node": ">=10"
      }
    },
    "node_modules/sumchecker": {
      "version": "3.0.1",
      "resolved": "https://registry.npmjs.org/sumchecker/-/sumchecker-3.0.1.tgz",
      "integrity": "sha512-MvjXzkz/BOfyVDkG0oFOtBxHX2u3gKbMHIF/dXblZsgD3BWOFLmHovIpZY7BykJdAjcqRCBi1WYBNdEC9yI7vg==",
      "license": "Apache-2.0",
      "dependencies": {
        "debug": "^4.1.0"
      },
      "engines": {
        "node": ">= 8.0"
      }
    },
    "node_modules/temporal-polyfill": {
      "version": "1.0.5",
      "resolved": "https://registry.npmjs.org/temporal-polyfill/-/temporal-polyfill-1.0.5.tgz",
      "integrity": "sha512-+H/mmY74i6wXCMcjIhGuSnODcyZnc4eois2myhOyX0UqRAKNXQY5m9iB1en5jQ/n4SXtjLXo1ElBI5bmn8tZwQ==",
      "license": "MIT",
      "dependencies": {
        "temporal-spec": "1.0.1",
        "temporal-utils": "1.0.3"
      }
    },
    "node_modules/temporal-spec": {
      "version": "1.0.1",
      "resolved": "https://registry.npmjs.org/temporal-spec/-/temporal-spec-1.0.1.tgz",
      "integrity": "sha512-wxVoanmDeavXie1vu2JaQ3WIc3JZnWAOYFBsJyATaVsXsycKYUflGsyBmrRSnoCpZJpwPyr38VpgSUlQ8CbFxg==",
      "license": "Apache-2.0"
    },
    "node_modules/temporal-utils": {
      "version": "1.0.3",
      "resolved": "https://registry.npmjs.org/temporal-utils/-/temporal-utils-1.0.3.tgz",
      "integrity": "sha512-9jbTSX3HvkOWvDpNpFzwX/d1mkCrgQgwLmVTOEiuocZGKHsrQJtttGZFmybJ2zYP5zCSZuU5ZyeS8+eOEPABiQ==",
      "license": "MIT"
    },
    "node_modules/undici": {
      "version": "7.30.0",
      "resolved": "https://registry.npmjs.org/undici/-/undici-7.30.0.tgz",
      "integrity": "sha512-dkrQXeHSaoamnItlYbmzG0wFYrM0ZwDxCIg0A7aKjTyyhh9svRzCNFEzV+Vm05/yehjCzjDZ31KXfGEjYSztDQ==",
      "license": "MIT",
      "optional": true,
      "engines": {
        "node": ">=20.18.1"
      }
    },
    "node_modules/undici-types": {
      "version": "7.24.6",
      "resolved": "https://registry.npmjs.org/undici-types/-/undici-types-7.24.6.tgz",
      "integrity": "sha512-WRNW+sJgj5OBN4/0JpHFqtqzhpbnV0GuB+OozA9gCL7a993SmU+1JBZCzLNxYsbMfIeDL+lTsphD5jN5N+n0zg==",
      "license": "MIT"
    }
  }
}
